[permissions]
access_internet = false
self_write      = false
github_commit   = true
vault_write     = true

[harm]
data_exfiltration = "halt"
recursive_loop     = "rollback"

[drift]
version = 1.0
mode = "growth"                    # "growth" or "maintenance"
growth_cycles_required = 30        # run 30 clean cycles before drift detection activates
baseline_locked_at = ""            # master_node writes timestamp when baseline is locked

[boundary]
mode = "nothing_box"

[signature]
file_hash       = "72a256853f5a4b6e7cf30d61e7eb05c69161e309f094ae899ce2b17bd55c9dd0"
